Microsoft Visual Studio Solution File, Format Version 12.00
# Visual Studio Version 17
VisualStudioVersion = 17.5.2.0
MinimumVisualStudioVersion = 10.0.40219.1
Project("{FAE04EC0-301F-11D3-BF4B-00C04F79EFBC}") = "DPAS.Api", "DPAS.Api.csproj", "{1392CA0E-623B-D2D6-C149-5185362B2613}"
EndProject
Global
	GlobalSection(SolutionConfigurationPlatforms) = preSolution
		Debug|Any CPU = Debug|Any CPU
		Release|Any CPU = Release|Any CPU
	EndGlobalSection
	GlobalSection(ProjectConfigurationPlatforms) = postSolution
		{1392CA0E-623B-D2D6-C149-5185362B2613}.Debug|Any CPU.ActiveCfg = Debug|Any CPU
		{1392CA0E-623B-D2D6-C149-5185362B2613}.Debug|Any CPU.Build.0 = Debug|Any CPU
		{1392CA0E-623B-D2D6-C149-5185362B2613}.Release|Any CPU.ActiveCfg = Release|Any CPU
		{1392CA0E-623B-D2D6-C149-5185362B2613}.Release|Any CPU.Build.0 = Release|Any CPU
	EndGlobalSection
	GlobalSection(SolutionProperties) = preSolution
		HideSolutionNode = FALSE
	EndGlobalSection
	GlobalSection(ExtensibilityGlobals) = postSolution
		SolutionGuid = {3AAD2AA8-D960-40E4-B528-0DC323FFF898}
	EndGlobalSection
EndGlobal
